Microsoft Visual Studio Solution File, Format Version 12.00
# Visual Studio Version 17
VisualStudioVersion = 17.5.2.0
MinimumVisualStudioVersion = 10.0.40219.1
Project("{FAE04EC0-301F-11D3-BF4B-00C04F79EFBC}") = "Vehicle", "Vehicle.csproj", "{2F241594-1139-101A-9ED1-7C78AE7F80A1}"
EndProject
Global
	GlobalSection(SolutionConfigurationPlatforms) = preSolution
		Debug|Any CPU = Debug|Any CPU
		Release|Any CPU = Release|Any CPU
	EndGlobalSection
	GlobalSection(ProjectConfigurationPlatforms) = postSolution
		{2F241594-1139-101A-9ED1-7C78AE7F80A1}.Debug|Any CPU.ActiveCfg = Debug|Any CPU
		{2F241594-1139-101A-9ED1-7C78AE7F80A1}.Debug|Any CPU.Build.0 = Debug|Any CPU
		{2F241594-1139-101A-9ED1-7C78AE7F80A1}.Release|Any CPU.ActiveCfg = Release|Any CPU
		{2F241594-1139-101A-9ED1-7C78AE7F80A1}.Release|Any CPU.Build.0 = Release|Any CPU
	EndGlobalSection
	GlobalSection(SolutionProperties) = preSolution
		HideSolutionNode = FALSE
	EndGlobalSection
	GlobalSection(ExtensibilityGlobals) = postSolution
		SolutionGuid = {21F633A8-1195-4404-8106-F2ADC22C3260}
	EndGlobalSection
EndGlobal
